
Microsoft Visual Studio Solution File, Format Version 12.00
# Visual Studio 15
VisualStudioVersion = 15.0.27703.2026
MinimumVisualStudioVersion = 10.0.40219.1
Project("{9A19103F-16F7-4668-BE54-9A1E7A4F7556}") = "Demo", "Demo\Demo.csproj", "{0EF5810C-3FDF-46BE-BBA7-3A171A14AD59}"
EndProject
Project("{E53339B2-1760-4266-BCC7-CA923CBCF16C}") = "docker-compose", "docker-compose.dcproj", "{F6C34373-4AB3-42EE-B6A9-12D1B17AC4F4}"
EndProject
Global
	GlobalSection(SolutionConfigurationPlatforms) = preSolution
		Debug|Any CPU = Debug|Any CPU
		Release|Any CPU = Release|Any CPU
	EndGlobalSection
	GlobalSection(ProjectConfigurationPlatforms) = postSolution
		{0EF5810C-3FDF-46BE-BBA7-3A171A14AD59}.Debug|Any CPU.ActiveCfg = Debug|Any CPU
		{0EF5810C-3FDF-46BE-BBA7-3A171A14AD59}.Debug|Any CPU.Build.0 = Debug|Any CPU
		{0EF5810C-3FDF-46BE-BBA7-3A171A14AD59}.Release|Any CPU.ActiveCfg = Release|Any CPU
		{0EF5810C-3FDF-46BE-BBA7-3A171A14AD59}.Release|Any CPU.Build.0 = Release|Any CPU
		{F6C34373-4AB3-42EE-B6A9-12D1B17AC4F4}.Debug|Any CPU.ActiveCfg = Debug|Any CPU
		{F6C34373-4AB3-42EE-B6A9-12D1B17AC4F4}.Debug|Any CPU.Build.0 = Debug|Any CPU
		{F6C34373-4AB3-42EE-B6A9-12D1B17AC4F4}.Release|Any CPU.ActiveCfg = Release|Any CPU
		{F6C34373-4AB3-42EE-B6A9-12D1B17AC4F4}.Release|Any CPU.Build.0 = Release|Any CPU
	EndGlobalSection
	GlobalSection(SolutionProperties) = preSolution
		HideSolutionNode = FALSE
	EndGlobalSection
	GlobalSection(ExtensibilityGlobals) = postSolution
		SolutionGuid = {C05884CA-9F0F-4B3F-BD02-E56EECBFED48}
	EndGlobalSection
EndGlobal
